<Solution>
  <Folder Name="/Elementos de la solución/">
    <File Path=".editorconfig" />
    <File Path="Directory.Build.props" />
    <File Path="Directory.Packages.props" />
    <File Path="global.json" />
  </Folder>
  <Project Path="src/Msi.TemplateCodeGenerator/Msi.TemplateCodeGenerator.csproj" />
  <Project Path="test/Msi.TemplateCodeGenerator.Tests/Msi.TemplateCodeGenerator.Tests.csproj" />
</Solution>
