<Solution>
  <Folder Name="/Elementos de la solución/">
    <File Path=".editorconfig" />
    <File Path=".github/copilot-instructions.md" />
    <File Path="Directory.Build.props" />
    <File Path="Directory.Packages.props" />
  </Folder>
  <Project Path="Msi.TemplateCodeGenerator/Msi.TemplateCodeGenerator.csproj" />
</Solution>
